#MicroXplorer Configuration settings - do not modify
Mcu.Family=STM32F4
Dma.SPI3_TX.0.FIFOMode=DMA_FIFOMODE_DISABLE
RCC.VDD_VALUE=1.8
ProjectManager.MainLocation=Core/Src
Dma.SPI3_TX.0.Priority=DMA_PRIORITY_HIGH
Dma.SPI3_TX.0.MemInc=DMA_MINC_ENABLE
I2S3.FullDuplexMode=I2S_FULLDUPLEXMODE_DISABLE
ProjectManager.ProjectFileName=Voltron_0.8.ioc
RCC.CortexFreq_Value=96000000
FREERTOS.Tasks01=defaultTask,24,128,StartDefaultTask,As weak,NULL,Dynamic,NULL,NULL
ProjectManager.KeepUserCode=true
Mcu.UserName=STM32F411CEYx
Mcu.PinsNb=7
ProjectManager.NoMain=false
Dma.SPI3_TX.0.RequestParameters=Instance,Direction,PeriphInc,MemInc,PeriphDataAlignment,MemDataAlignment,Mode,Priority,FIFOMode
NVIC.SavedSvcallIrqHandlerGenerated=true
RCC.PLLCLKFreq_Value=96000000
FREERTOS.configCHECK_FOR_STACK_OVERFLOW=2
RCC.PLLQCLKFreq_Value=96000000
FREERTOS.configUSE_TICKLESS_IDLE=0
I2S3.IPParameters=Instance,VirtualMode,FullDuplexMode,RealAudioFreq,ErrorAudioFreq,DataFormat,AudioFreq
ProjectManager.functionlistsort=1-MX_GPIO_Init-GPIO-false-HAL-true,2-MX_DMA_Init-DMA-false-HAL-true,3-SystemClock_Config-RCC-false-HAL-false,4-MX_I2S3_Init-I2S3-false-HAL-true
RCC.RTCFreq_Value=32000
ProjectManager.DefaultFWLocation=true
Dma.SPI3_TX.0.PeriphDataAlignment=DMA_PDATAALIGN_HALFWORD
ProjectManager.DeletePrevious=true
RCC.APB1CLKDivider=RCC_HCLK_DIV2
I2S3.DataFormat=I2S_DATAFORMAT_16B_EXTENDED
FREERTOS.configUSE_TASK_NOTIFICATIONS=1
PinOutPanel.RotationAngle=0
RCC.PWR_Regulator_Voltage_Scale=PWR_REGULATOR_VOLTAGE_SCALE1
PinOutPanel.CurrentBGAView=Top
RCC.FamilyName=M
RCC.SYSCLKSource=RCC_SYSCLKSOURCE_PLLCLK
ProjectManager.StackSize=0x400
VP_FREERTOS_VS_CMSIS_V2.Mode=CMSIS_V2
FREERTOS.configUSE_IDLE_HOOK=1
PA13.Signal=SYS_JTMS-SWDIO
Mcu.IP4=RCC
RCC.FCLKCortexFreq_Value=96000000
Mcu.IP5=SYS
Mcu.IP2=I2S3
NVIC.SVCall_IRQn=true\:0\:0\:false\:false\:false\:false\:false\:false
Mcu.IP3=NVIC
Mcu.IP0=DMA
Mcu.IP1=FREERTOS
Mcu.UserConstants=
ProjectManager.TargetToolchain=STM32CubeIDE
NVIC.DMA1_Stream5_IRQn=true\:4\:0\:true\:false\:true\:true\:false\:true
Mcu.ThirdPartyNb=0
RCC.HCLKFreq_Value=96000000
Mcu.IPNb=6
RCC.I2SClocksFreq_Value=96000000
ProjectManager.PreviousToolchain=STM32CubeIDE
RCC.APB2TimFreq_Value=96000000
RCC.VcooutputI2S=96000000
I2S3.VirtualMode=I2S_MODE_MASTER
FREERTOS.configUSE_MALLOC_FAILED_HOOK=1
RCC.VCOInputMFreq_Value=2000000
Mcu.Pin6=VP_SYS_VS_tim1
ProjectManager.RegisterCallBack=
Dma.SPI3_TX.0.PeriphInc=DMA_PINC_DISABLE
FREERTOS.IPParameters=Tasks01,FootprintOK,configUSE_TICKLESS_IDLE,configUSE_IDLE_HOOK,configUSE_TICK_HOOK,configCHECK_FOR_STACK_OVERFLOW,configTOTAL_HEAP_SIZE,configLIBRARY_MAX_SYSCALL_INTERRUPT_PRIORITY,configUSE_TASK_NOTIFICATIONS,configUSE_MALLOC_FAILED_HOOK
RCC.LSE_VALUE=32768
Dma.SPI3_TX.0.Direction=DMA_MEMORY_TO_PERIPH
RCC.AHBFreq_Value=96000000
Mcu.Pin0=PA14
Mcu.Pin1=PA15
GPIO.groupedBy=Group By Peripherals
Mcu.Pin2=PB3
Mcu.Pin3=PA13
Mcu.Pin4=PB5
RCC.VCOI2SOutputFreq_Value=192000000
Mcu.Pin5=VP_FREERTOS_VS_CMSIS_V2
ProjectManager.ProjectBuild=false
RCC.HSE_VALUE=8000000
I2S3.AudioFreq=I2S_AUDIOFREQ_48K
NVIC.UsageFault_IRQn=true\:0\:0\:false\:false\:true\:false\:false\:false
NVIC.DebugMonitor_IRQn=true\:0\:0\:false\:false\:true\:false\:false\:false
PB3.Mode=Half_Duplex_Master
board=custom
RCC.VCOOutputFreq_Value=384000000
PA15.Mode=Half_Duplex_Master
NVIC.SysTick_IRQn=true\:15\:0\:false\:false\:false\:true\:false\:true
ProjectManager.LastFirmware=false
ProjectManager.FirmwarePackage=STM32Cube FW_F4 V1.26.1
MxDb.Version=DB.6.0.21
I2S3.ErrorAudioFreq=0.8 %
NVIC.SavedSystickIrqHandlerGenerated=true
RCC.APB2Freq_Value=48000000
ProjectManager.BackupPrevious=false
MxCube.Version=6.2.1
RCC.VCOInputFreq_Value=2000000
VP_SYS_VS_tim1.Signal=SYS_VS_tim1
PA14.Mode=Serial_Wire
VP_SYS_VS_tim1.Mode=TIM1
PB5.Mode=Half_Duplex_Master
File.Version=6
RCC.EthernetFreq_Value=96000000
NVIC.NonMaskableInt_IRQn=true\:0\:0\:false\:false\:true\:false\:false\:false
NVIC.PendSV_IRQn=true\:15\:0\:false\:false\:false\:true\:false\:false
Dma.SPI3_TX.0.Instance=DMA1_Stream5
PA13.Mode=Serial_Wire
ProjectManager.FreePins=false
RCC.IPParameters=48MHZClocksFreq_Value,AHBFreq_Value,APB1CLKDivider,APB1Freq_Value,APB1TimFreq_Value,APB2CLKDivider,APB2Freq_Value,APB2TimFreq_Value,CortexFreq_Value,EthernetFreq_Value,FCLKCortexFreq_Value,FamilyName,HCLKFreq_Value,HSE_VALUE,HSI_VALUE,I2SClocksFreq_Value,LSE_VALUE,LSI_VALUE,PLLCLKFreq_Value,PLLI2SM,PLLI2SN,PLLM,PLLP,PLLQCLKFreq_Value,PWR_Regulator_Voltage_Scale,RTCFreq_Value,RTCHSEDivFreq_Value,SYSCLKFreq_VALUE,SYSCLKSource,VCOI2SOutputFreq_Value,VCOInputFreq_Value,VCOInputMFreq_Value,VCOOutputFreq_Value,VDD_VALUE,VcooutputI2S
ProjectManager.AskForMigrate=true
Mcu.Name=STM32F411C(C-E)Yx
Dma.RequestsNb=1
ProjectManager.HalAssertFull=false
FREERTOS.configTOTAL_HEAP_SIZE=40960
Dma.SPI3_TX.0.MemDataAlignment=DMA_MDATAALIGN_HALFWORD
NVIC.SavedPendsvIrqHandlerGenerated=true
RCC.RTCHSEDivFreq_Value=4000000
ProjectManager.ProjectName=Voltron_0.8
ProjectManager.UnderRoot=true
VP_FREERTOS_VS_CMSIS_V2.Signal=FREERTOS_VS_CMSIS_V2
ProjectManager.CoupleFile=true
RCC.48MHZClocksFreq_Value=96000000
PB3.Signal=I2S3_CK
RCC.SYSCLKFreq_VALUE=96000000
FREERTOS.configLIBRARY_MAX_SYSCALL_INTERRUPT_PRIORITY=4
Mcu.Package=WLCSP49
PB5.Signal=I2S3_SD
NVIC.TimeBase=TIM1_UP_TIM10_IRQn
Dma.SPI3_TX.0.Mode=DMA_CIRCULAR
NVIC.ForceEnableDMAVector=true
KeepUserPlacement=false
NVIC.MemoryManagement_IRQn=true\:0\:0\:false\:false\:true\:false\:false\:false
ProjectManager.CompilerOptimize=6
ProjectManager.ToolChainLocation=
RCC.LSI_VALUE=32000
NVIC.TimeBaseIP=TIM1
PA14.Signal=SYS_JTCK-SWCLK
FREERTOS.FootprintOK=true
PA15.Signal=I2S3_WS
ProjectManager.HeapSize=0x200
NVIC.HardFault_IRQn=true\:0\:0\:false\:false\:true\:false\:false\:false
NVIC.TIM1_UP_TIM10_IRQn=true\:0\:0\:false\:false\:true\:false\:false\:true
ProjectManager.ComputerToolchain=false
RCC.HSI_VALUE=16000000
RCC.PLLP=RCC_PLLP_DIV4
NVIC.PriorityGroup=NVIC_PRIORITYGROUP_4
RCC.APB2CLKDivider=RCC_HCLK_DIV2
I2S3.RealAudioFreq=48.387 KHz
RCC.PLLM=8
RCC.APB1TimFreq_Value=96000000
FREERTOS.configUSE_TICK_HOOK=0
NVIC.BusFault_IRQn=true\:0\:0\:false\:false\:true\:false\:false\:false
I2S3.Instance=SPI$Index
Dma.Request0=SPI3_TX
RCC.APB1Freq_Value=48000000
RCC.PLLI2SN=96
ProjectManager.CustomerFirmwarePackage=
ProjectManager.DeviceId=STM32F411CEYx
ProjectManager.LibraryCopy=1
RCC.PLLI2SM=8
isbadioc=false
